
Microsoft Visual Studio Solution File, Format Version 12.00
# Visual Studio Version 16
VisualStudioVersion = 16.0.29020.237
MinimumVisualStudioVersion = 10.0.40219.1
Project("{2150E333-8FDC-42A3-9474-1A3956D46DE8}") = "Libraries", "Libraries", "{CB4D0B80-F309-4DA3-B0D2-4E7D753354C1}"
EndProject
Project("{2150E333-8FDC-42A3-9474-1A3956D46DE8}") = "Plugins", "Plugins", "{F0541A68-0D30-4017-A40F-C5AF7231AC66}"
EndProject
Project("{2150E333-8FDC-42A3-9474-1A3956D46DE8}") = "Presentation", "Presentation", "{E278CC96-A377-4375-8FA8-83B1A3D367D1}"
EndProject
Project("{9A19103F-16F7-4668-BE54-9A1E7A4F7556}") = "OARMS.Core", "Libraries\OARMS.Core\OARMS.Core.csproj", "{03D64342-CDE5-496D-B0B3-E9B09FE462F0}"
EndProject
Project("{9A19103F-16F7-4668-BE54-9A1E7A4F7556}") = "OARMS.Data", "Libraries\OARMS.Data\OARMS.Data.csproj", "{250B20E1-90AA-4901-BEC8-5B1E54512AFD}"
EndProject
Project("{9A19103F-16F7-4668-BE54-9A1E7A4F7556}") = "OARMS.Services", "Libraries\OARMS.Services\OARMS.Services.csproj", "{9ACAB6A2-E978-430E-82AF-4F9A41B7E856}"
EndProject
Project("{9A19103F-16F7-4668-BE54-9A1E7A4F7556}") = "OARMS.Utilities", "Libraries\OARMS.Utilities\OARMS.Utilities.csproj", "{85957D34-A024-4601-A1C2-E7305F968F3E}"
EndProject
Project("{9A19103F-16F7-4668-BE54-9A1E7A4F7556}") = "OARMS.Web", "Presentation\OARMS.Web\OARMS.Web.csproj", "{2B60819C-634B-4A5B-9014-008B90247CA2}"
EndProject
Project("{9A19103F-16F7-4668-BE54-9A1E7A4F7556}") = "OARMS.Redis", "Libraries\OARMS.Redis\OARMS.Redis.csproj", "{B0FF9B51-C170-486A-8ADA-9533BCA7C0FF}"
EndProject
Project("{2150E333-8FDC-42A3-9474-1A3956D46DE8}") = "Test", "Test", "{27184F15-2120-4113-8D46-7DC9EC881011}"
EndProject
Project("{9A19103F-16F7-4668-BE54-9A1E7A4F7556}") = "OARMS.Redis.Test", "Test\OARMS.Redis.Test\OARMS.Redis.Test.csproj", "{9AA5C372-B3E5-4534-B84B-C92B1BE770A7}"
EndProject
Global
	GlobalSection(SolutionConfigurationPlatforms) = preSolution
		Debug|Any CPU = Debug|Any CPU
		Release|Any CPU = Release|Any CPU
	EndGlobalSection
	GlobalSection(ProjectConfigurationPlatforms) = postSolution
		{03D64342-CDE5-496D-B0B3-E9B09FE462F0}.Debug|Any CPU.ActiveCfg = Debug|Any CPU
		{03D64342-CDE5-496D-B0B3-E9B09FE462F0}.Debug|Any CPU.Build.0 = Debug|Any CPU
		{03D64342-CDE5-496D-B0B3-E9B09FE462F0}.Release|Any CPU.ActiveCfg = Release|Any CPU
		{03D64342-CDE5-496D-B0B3-E9B09FE462F0}.Release|Any CPU.Build.0 = Release|Any CPU
		{250B20E1-90AA-4901-BEC8-5B1E54512AFD}.Debug|Any CPU.ActiveCfg = Debug|Any CPU
		{250B20E1-90AA-4901-BEC8-5B1E54512AFD}.Debug|Any CPU.Build.0 = Debug|Any CPU
		{250B20E1-90AA-4901-BEC8-5B1E54512AFD}.Release|Any CPU.ActiveCfg = Release|Any CPU
		{250B20E1-90AA-4901-BEC8-5B1E54512AFD}.Release|Any CPU.Build.0 = Release|Any CPU
		{9ACAB6A2-E978-430E-82AF-4F9A41B7E856}.Debug|Any CPU.ActiveCfg = Debug|Any CPU
		{9ACAB6A2-E978-430E-82AF-4F9A41B7E856}.Debug|Any CPU.Build.0 = Debug|Any CPU
		{9ACAB6A2-E978-430E-82AF-4F9A41B7E856}.Release|Any CPU.ActiveCfg = Release|Any CPU
		{9ACAB6A2-E978-430E-82AF-4F9A41B7E856}.Release|Any CPU.Build.0 = Release|Any CPU
		{85957D34-A024-4601-A1C2-E7305F968F3E}.Debug|Any CPU.ActiveCfg = Debug|Any CPU
		{85957D34-A024-4601-A1C2-E7305F968F3E}.Debug|Any CPU.Build.0 = Debug|Any CPU
		{85957D34-A024-4601-A1C2-E7305F968F3E}.Release|Any CPU.ActiveCfg = Release|Any CPU
		{85957D34-A024-4601-A1C2-E7305F968F3E}.Release|Any CPU.Build.0 = Release|Any CPU
		{2B60819C-634B-4A5B-9014-008B90247CA2}.Debug|Any CPU.ActiveCfg = Debug|Any CPU
		{2B60819C-634B-4A5B-9014-008B90247CA2}.Debug|Any CPU.Build.0 = Debug|Any CPU
		{2B60819C-634B-4A5B-9014-008B90247CA2}.Release|Any CPU.ActiveCfg = Release|Any CPU
		{2B60819C-634B-4A5B-9014-008B90247CA2}.Release|Any CPU.Build.0 = Release|Any CPU
		{B0FF9B51-C170-486A-8ADA-9533BCA7C0FF}.Debug|Any CPU.ActiveCfg = Debug|Any CPU
		{B0FF9B51-C170-486A-8ADA-9533BCA7C0FF}.Debug|Any CPU.Build.0 = Debug|Any CPU
		{B0FF9B51-C170-486A-8ADA-9533BCA7C0FF}.Release|Any CPU.ActiveCfg = Release|Any CPU
		{B0FF9B51-C170-486A-8ADA-9533BCA7C0FF}.Release|Any CPU.Build.0 = Release|Any CPU
		{9AA5C372-B3E5-4534-B84B-C92B1BE770A7}.Debug|Any CPU.ActiveCfg = Debug|Any CPU
		{9AA5C372-B3E5-4534-B84B-C92B1BE770A7}.Debug|Any CPU.Build.0 = Debug|Any CPU
		{9AA5C372-B3E5-4534-B84B-C92B1BE770A7}.Release|Any CPU.ActiveCfg = Release|Any CPU
		{9AA5C372-B3E5-4534-B84B-C92B1BE770A7}.Release|Any CPU.Build.0 = Release|Any CPU
	EndGlobalSection
	GlobalSection(SolutionProperties) = preSolution
		HideSolutionNode = FALSE
	EndGlobalSection
	GlobalSection(NestedProjects) = preSolution
		{03D64342-CDE5-496D-B0B3-E9B09FE462F0} = {CB4D0B80-F309-4DA3-B0D2-4E7D753354C1}
		{250B20E1-90AA-4901-BEC8-5B1E54512AFD} = {CB4D0B80-F309-4DA3-B0D2-4E7D753354C1}
		{9ACAB6A2-E978-430E-82AF-4F9A41B7E856} = {CB4D0B80-F309-4DA3-B0D2-4E7D753354C1}
		{85957D34-A024-4601-A1C2-E7305F968F3E} = {CB4D0B80-F309-4DA3-B0D2-4E7D753354C1}
		{2B60819C-634B-4A5B-9014-008B90247CA2} = {E278CC96-A377-4375-8FA8-83B1A3D367D1}
		{B0FF9B51-C170-486A-8ADA-9533BCA7C0FF} = {CB4D0B80-F309-4DA3-B0D2-4E7D753354C1}
		{9AA5C372-B3E5-4534-B84B-C92B1BE770A7} = {27184F15-2120-4113-8D46-7DC9EC881011}
	EndGlobalSection
	GlobalSection(ExtensibilityGlobals) = postSolution
		SolutionGuid = {2CC817FC-4FE0-48D7-B22B-DC823F53329E}
	EndGlobalSection
EndGlobal
